
Microsoft Visual Studio Solution File, Format Version 12.00
# Visual Studio Version 17
VisualStudioVersion = 17.9.34902.65
MinimumVisualStudioVersion = 10.0.40219.1
Project("{9A19103F-16F7-4668-BE54-9A1E7A4F7556}") = "NEngine", "NEngine\NEngine.csproj", "{1DED36E1-63D4-47C9-9FFB-DD9C9C93436F}"
EndProject
Project("{9A19103F-16F7-4668-BE54-9A1E7A4F7556}") = "NEngineEditor", "NEngineEditor\NEngineEditor.csproj", "{9EF52F86-141F-45BB-9BDE-7C2A4FECBACF}"
EndProject
Global
	GlobalSection(SolutionConfigurationPlatforms) = preSolution
		Debug|Any CPU = Debug|Any CPU
		Release|Any CPU = Release|Any CPU
	EndGlobalSection
	GlobalSection(ProjectConfigurationPlatforms) = postSolution
		{1DED36E1-63D4-47C9-9FFB-DD9C9C93436F}.Debug|Any CPU.ActiveCfg = Debug|Any CPU
		{1DED36E1-63D4-47C9-9FFB-DD9C9C93436F}.Debug|Any CPU.Build.0 = Debug|Any CPU
		{1DED36E1-63D4-47C9-9FFB-DD9C9C93436F}.Release|Any CPU.ActiveCfg = Release|Any CPU
		{1DED36E1-63D4-47C9-9FFB-DD9C9C93436F}.Release|Any CPU.Build.0 = Release|Any CPU
		{9EF52F86-141F-45BB-9BDE-7C2A4FECBACF}.Debug|Any CPU.ActiveCfg = Debug|Any CPU
		{9EF52F86-141F-45BB-9BDE-7C2A4FECBACF}.Debug|Any CPU.Build.0 = Debug|Any CPU
		{9EF52F86-141F-45BB-9BDE-7C2A4FECBACF}.Release|Any CPU.ActiveCfg = Release|Any CPU
		{9EF52F86-141F-45BB-9BDE-7C2A4FECBACF}.Release|Any CPU.Build.0 = Release|Any CPU
	EndGlobalSection
	GlobalSection(SolutionProperties) = preSolution
		HideSolutionNode = FALSE
	EndGlobalSection
	GlobalSection(ExtensibilityGlobals) = postSolution
		SolutionGuid = {87201D2E-85FC-46A1-9E1B-B4DA5EE01FCF}
	EndGlobalSection
EndGlobal
